
Microsoft Visual Studio Solution File, Format Version 12.00
# Visual Studio 2013
VisualStudioVersion = 12.0.40629.0
MinimumVisualStudioVersion = 10.0.40219.1
Project("{FAE04EC0-301F-11D3-BF4B-00C04F79EFBC}") = "Parsing", "Parsing\Parsing.csproj", "{74E72EEE-53E8-403A-89A6-6F3508497439}"
EndProject
Project("{2150E333-8FDC-42A3-9474-1A3956D46DE8}") = ".nuget", ".nuget", "{168C29D2-3030-41CE-A601-C76636EBF068}"
	ProjectSection(SolutionItems) = preProject
		.nuget\NuGet.Config = .nuget\NuGet.Config
		.nuget\NuGet.exe = .nuget\NuGet.exe
		.nuget\NuGet.targets = .nuget\NuGet.targets
	EndProjectSection
EndProject
Global
	GlobalSection(SolutionConfigurationPlatforms) = preSolution
		Debug|Any CPU = Debug|Any CPU
		Release|Any CPU = Release|Any CPU
	EndGlobalSection
	GlobalSection(ProjectConfigurationPlatforms) = postSolution
		{74E72EEE-53E8-403A-89A6-6F3508497439}.Debug|Any CPU.ActiveCfg = Debug|Any CPU
		{74E72EEE-53E8-403A-89A6-6F3508497439}.Debug|Any CPU.Build.0 = Debug|Any CPU
		{74E72EEE-53E8-403A-89A6-6F3508497439}.Release|Any CPU.ActiveCfg = Release|Any CPU
		{74E72EEE-53E8-403A-89A6-6F3508497439}.Release|Any CPU.Build.0 = Release|Any CPU
	EndGlobalSection
	GlobalSection(SolutionProperties) = preSolution
		HideSolutionNode = FALSE
	EndGlobalSection
EndGlobal
